// !$*UTF8*$!
{
	archiveVersion = 1;
	classes = {
	};
	objectVersion = 46;
	objects = {

/* Begin PBXBuildFile section */
		53FA06FF1D68BADB0027F211 /* AppDelegate.swift in Sources */ = {isa = PBXBuildFile; fileRef = 53FA06FE1D68BADB0027F211 /* AppDelegate.swift */; };
		53FA07011D68BADB0027F211 /* ViewController.swift in Sources */ = {isa = PBXBuildFile; fileRef = 53FA07001D68BADB0027F211 /* ViewController.swift */; };
		53FA07041D68BADB0027F211 /* Main.storyboard in Resources */ = {isa = PBXBuildFile; fileRef = 53FA07021D68BADB0027F211 /* Main.storyboard */; };
		53FA07061D68BADB0027F211 /* Assets.xcassets in Resources */ = {isa = PBXBuildFile; fileRef = 53FA07051D68BADB0027F211 /* Assets.xcassets */; };
		53FA07091D68BADB0027F211 /* LaunchScreen.storyboard in Resources */ = {isa = PBXBuildFile; fileRef = 53FA07071D68BADB0027F211 /* LaunchScreen.storyboard */; };
		53FA07201D68C6F30027F211 /* View1ViewController.swift in Sources */ = {isa = PBXBuildFile; fileRef = 53FA071E1D68C6F30027F211 /* View1ViewController.swift */; };
		53FA07211D68C6F30027F211 /* View1ViewController.xib in Resources */ = {isa = PBXBuildFile; fileRef = 53FA071F1D68C6F30027F211 /* View1ViewController.xib */; };
		53FA07241D68C7010027F211 /* View2ViewController.swift in Sources */ = {isa = PBXBuildFile; fileRef = 53FA07221D68C7010027F211 /* View2ViewController.swift */; };
		53FA07251D68C7010027F211 /* View2ViewController.xib in Resources */ = {isa = PBXBuildFile; fileRef = 53FA07231D68C7010027F211 /* View2ViewController.xib */; };
		53FA072A1D68C71B0027F211 /* View3ViewController.swift in Sources */ = {isa = PBXBuildFile; fileRef = 53FA07281D68C71B0027F211 /* View3ViewController.swift */; };
		53FA072B1D68C71B0027F211 /* View3ViewController.xib in Resources */ = {isa = PBXBuildFile; fileRef = 53FA07291D68C71B0027F211 /* View3ViewController.xib */; };
/* End PBXBuildFile section */

/* Begin PBXFileReference section */
		53FA06FB1D68BADB0027F211 /* XIBTest.app */ = {isa = PBXFileReference; explicitFileType = wrapper.application; includeInIndex = 0; path = XIBTest.app; sourceTree = BUILT_PRODUCTS_DIR; };
		53FA06FE1D68BADB0027F211 /* AppDelegate.swift */ = {isa = PBXFileReference; lastKnownFileType = sourcecode.swift; path = AppDelegate.swift; sourceTree = "<group>"; };
		53FA07001D68BADB0027F211 /* ViewController.swift */ = {isa = PBXFileReference; lastKnownFileType = sourcecode.swift; path = ViewController.swift; sourceTree = "<group>"; };
		53FA07031D68BADB0027F211 /* Base */ = {isa = PBXFileReference; lastKnownFileType = file.storyboard; name = Base; path = Base.lproj/Main.storyboard; sourceTree = "<group>"; };
		53FA07051D68BADB0027F211 /* Assets.xcassets */ = {isa = PBXFileReference; lastKnownFileType = folder.assetcatalog; path = Assets.xcassets; sourceTree = "<group>"; };
		53FA07081D68BADB0027F211 /* Base */ = {isa = PBXFileReference; lastKnownFileType = file.storyboard; name = Base; path = Base.lproj/LaunchScreen.storyboard; sourceTree = "<group>"; };
		53FA070A1D68BADB0027F211 /* Info.plist */ = {isa = PBXFileReference; lastKnownFileType = text.plist.xml; path = Info.plist; sourceTree = "<group>"; };
		53FA071E1D68C6F30027F211 /* View1ViewController.swift */ = {isa = PBXFileReference; fileEncoding = 4; lastKnownFileType = sourcecode.swift; path = View1ViewController.swift; sourceTree = "<group>"; };
		53FA071F1D68C6F30027F211 /* View1ViewController.xib */ = {isa = PBXFileReference; fileEncoding = 4; lastKnownFileType = file.xib; path = View1ViewController.xib; sourceTree = "<group>"; };
		53FA07221D68C7010027F211 /* View2ViewController.swift */ = {isa = PBXFileReference; fileEncoding = 4; lastKnownFileType = sourcecode.swift; path = View2ViewController.swift; sourceTree = "<group>"; };
		53FA07231D68C7010027F211 /* View2ViewController.xib */ = {isa = PBXFileReference; fileEncoding = 4; lastKnownFileType = file.xib; path = View2ViewController.xib; sourceTree = "<group>"; };
		53FA07281D68C71B0027F211 /* View3ViewController.swift */ = {isa = PBXFileReference; fileEncoding = 4; lastKnownFileType = sourcecode.swift; name = View3ViewController.swift; path = ../View3ViewController.swift; sourceTree = "<group>"; };
		53FA07291D68C71B0027F211 /* View3ViewController.xib */ = {isa = PBXFileReference; fileEncoding = 4; lastKnownFileType = file.xib; name = View3ViewController.xib; path = ../View3ViewController.xib; sourceTree = "<group>"; };
/* End PBXFileReference section */

/* Begin PBXFrameworksBuildPhase section */
		53FA06F81D68BADB0027F211 /* Frameworks */ = {
			isa = PBXFrameworksBuildPhase;
			buildActionMask = 2147483647;
			files = (
			);
			runOnlyForDeploymentPostprocessing = 0;
		};
/* End PBXFrameworksBuildPhase section */

/* Begin PBXGroup section */
		53FA06F21D68BADB0027F211 = {
			isa = PBXGroup;
			children = (
				53FA06FD1D68BADB0027F211 /* XIBTest */,
				53FA06FC1D68BADB0027F211 /* Products */,
			);
			sourceTree = "<group>";
		};
		53FA06FC1D68BADB0027F211 /* Products */ = {
			isa = PBXGroup;
			children = (
				53FA06FB1D68BADB0027F211 /* XIBTest.app */,
			);
			name = Products;
			sourceTree = "<group>";
		};
		53FA06FD1D68BADB0027F211 /* XIBTest */ = {
			isa = PBXGroup;
			children = (
				53FA06FE1D68BADB0027F211 /* AppDelegate.swift */,
				53FA07001D68BADB0027F211 /* ViewController.swift */,
				53FA07021D68BADB0027F211 /* Main.storyboard */,
				53FA07051D68BADB0027F211 /* Assets.xcassets */,
				53FA07071D68BADB0027F211 /* LaunchScreen.storyboard */,
				53FA070A1D68BADB0027F211 /* Info.plist */,
				53FA071E1D68C6F30027F211 /* View1ViewController.swift */,
				53FA071F1D68C6F30027F211 /* View1ViewController.xib */,
				53FA07221D68C7010027F211 /* View2ViewController.swift */,
				53FA07231D68C7010027F211 /* View2ViewController.xib */,
				53FA07281D68C71B0027F211 /* View3ViewController.swift */,
				53FA07291D68C71B0027F211 /* View3ViewController.xib */,
			);
			path = XIBTest;
			sourceTree = "<group>";
		};
/* End PBXGroup section */

/* Begin PBXNativeTarget section */
		53FA06FA1D68BADB0027F211 /* XIBTest */ = {
			isa = PBXNativeTarget;
			buildConfigurationList = 53FA070D1D68BADB0027F211 /* Build configuration list for PBXNativeTarget "XIBTest" */;
			buildPhases = (
				53FA06F71D68BADB0027F211 /* Sources */,
				53FA06F81D68BADB0027F211 /* Frameworks */,
				53FA06F91D68BADB0027F211 /* Resources */,
			);
			buildRules = (
			);
			dependencies = (
			);
			name = XIBTest;
			productName = XIBTest;
			productReference = 53FA06FB1D68BADB0027F211 /* XIBTest.app */;
			productType = "com.apple.product-type.application";
		};
/* End PBXNativeTarget section */

/* Begin PBXProject section */
		53FA06F31D68BADB0027F211 /* Project object */ = {
			isa = PBXProject;
			attributes = {
				LastSwiftUpdateCheck = 0730;
				LastUpgradeCheck = 0730;
				ORGANIZATIONNAME = Rytass;
				TargetAttributes = {
					53FA06FA1D68BADB0027F211 = {
						CreatedOnToolsVersion = 7.3;
					};
				};
			};
			buildConfigurationList = 53FA06F61D68BADB0027F211 /* Build configuration list for PBXProject "XIBTest" */;
			compatibilityVersion = "Xcode 3.2";
			developmentRegion = English;
			hasScannedForEncodings = 0;
			knownRegions = (
				en,
				Base,
			);
			mainGroup = 53FA06F21D68BADB0027F211;
			productRefGroup = 53FA06FC1D68BADB0027F211 /* Products */;
			projectDirPath = "";
			projectRoot = "";
			targets = (
				53FA06FA1D68BADB0027F211 /* XIBTest */,
			);
		};
/* End PBXProject section */

/* Begin PBXResourcesBuildPhase section */
		53FA06F91D68BADB0027F211 /* Resources */ = {
			isa = PBXResourcesBuildPhase;
			buildActionMask = 2147483647;
			files = (
				53FA07091D68BADB0027F211 /* LaunchScreen.storyboard in Resources */,
				53FA07061D68BADB0027F211 /* Assets.xcassets in Resources */,
				53FA07251D68C7010027F211 /* View2ViewController.xib in Resources */,
				53FA072B1D68C71B0027F211 /* View3ViewController.xib in Resources */,
				53FA07041D68BADB0027F211 /* Main.storyboard in Resources */,
				53FA07211D68C6F30027F211 /* View1ViewController.xib in Resources */,
			);
			runOnlyForDeploymentPostprocessing = 0;
		};
/* End PBXResourcesBuildPhase section */

/* Begin PBXSourcesBuildPhase section */
		53FA06F71D68BADB0027F211 /* Sources */ = {
			isa = PBXSourcesBuildPhase;
			buildActionMask = 2147483647;
			files = (
				53FA07241D68C7010027F211 /* View2ViewController.swift in Sources */,
				53FA07011D68BADB0027F211 /* ViewController.swift in Sources */,
				53FA072A1D68C71B0027F211 /* View3ViewController.swift in Sources */,
				53FA07201D68C6F30027F211 /* View1ViewController.swift in Sources */,
				53FA06FF1D68BADB0027F211 /* AppDelegate.swift in Sources */,
			);
			runOnlyForDeploymentPostprocessing = 0;
		};
/* End PBXSourcesBuildPhase section */

/* Begin PBXVariantGroup section */
		53FA07021D68BADB0027F211 /* Main.storyboard */ = {
			isa = PBXVariantGroup;
			children = (
				53FA07031D68BADB0027F211 /* Base */,
			);
			name = Main.storyboard;
			sourceTree = "<group>";
		};
		53FA07071D68BADB0027F211 /* LaunchScreen.storyboard */ = {
			isa = PBXVariantGroup;
			children = (
				53FA07081D68BADB0027F211 /* Base */,
			);
			name = LaunchScreen.storyboard;
			sourceTree = "<group>";
		};
/* End PBXVariantGroup section */

/* Begin XCBuildConfiguration section */
		53FA070B1D68BADB0027F211 /* Debug */ = {
			isa = XCBuildConfiguration;
			buildSettings = {
				ALWAYS_SEARCH_USER_PATHS = NO;
				CLANG_ANALYZER_NONNULL = YES;
				CLANG_CXX_LANGUAGE_STANDARD = "gnu++0x";
				CLANG_CXX_LIBRARY = "libc++";
				CLANG_ENABLE_MODULES = YES;
				CLANG_ENABLE_OBJC_ARC = YES;
				CLANG_WARN_BOOL_CONVERSION = YES;
				CLANG_WARN_CONSTANT_CONVERSION = YES;
				CLANG_WARN_DIRECT_OBJC_ISA_USAGE = YES_ERROR;
				CLANG_WARN_EMPTY_BODY = YES;
				CLANG_WARN_ENUM_CONVERSION = YES;
				CLANG_WARN_INT_CONVERSION = YES;
				CLANG_WARN_OBJC_ROOT_CLASS = YES_ERROR;
				CLANG_WARN_UNREACHABLE_CODE = YES;
				CLANG_WARN__DUPLICATE_METHOD_MATCH = YES;
				"CODE_SIGN_IDENTITY[sdk=iphoneos*]" = "iPhone Developer";
				COPY_PHASE_STRIP = NO;
				DEBUG_INFORMATION_FORMAT = dwarf;
				ENABLE_STRICT_OBJC_MSGSEND = YES;
				ENABLE_TESTABILITY = YES;
				GCC_C_LANGUAGE_STANDARD = gnu99;
				GCC_DYNAMIC_NO_PIC = NO;
				GCC_NO_COMMON_BLOCKS = YES;
				GCC_OPTIMIZATION_LEVEL = 0;
				GCC_PREPROCESSOR_DEFINITIONS = (
					"DEBUG=1",
					"$(inherited)",
				);
				GCC_WARN_64_TO_32_BIT_CONVERSION = YES;
				GCC_WARN_ABOUT_RETURN_TYPE = YES_ERROR;
				GCC_WARN_UNDECLARED_SELECTOR = YES;
				GCC_WARN_UNINITIALIZED_AUTOS = YES_AGGRESSIVE;
				GCC_WARN_UNUSED_FUNCTION = YES;
				GCC_WARN_UNUSED_VARIABLE = YES;
				IPHONEOS_DEPLOYMENT_TARGET = 9.3;
				MTL_ENABLE_DEBUG_INFO = YES;
				ONLY_ACTIVE_ARCH = YES;
				SDKROOT = iphoneos;
				SWIFT_OPTIMIZATION_LEVEL = "-Onone";
			};
			name = Debug;
		};
		53FA070C1D68BADB0027F211 /* Release */ = {
			isa = XCBuildConfiguration;
			buildSettings = {
				ALWAYS_SEARCH_USER_PATHS = NO;
				CLANG_ANALYZER_NONNULL = YES;
				CLANG_CXX_LANGUAGE_STANDARD = "gnu++0x";
				CLANG_CXX_LIBRARY = "libc++";
				CLANG_ENABLE_MODULES = YES;
				CLANG_ENABLE_OBJC_ARC = YES;
				CLANG_WARN_BOOL_CONVERSION = YES;
				CLANG_WARN_CONSTANT_CONVERSION = YES;
				CLANG_WARN_DIRECT_OBJC_ISA_USAGE = YES_ERROR;
				CLANG_WARN_EMPTY_BODY = YES;
				CLANG_WARN_ENUM_CONVERSION = YES;
				CLANG_WARN_INT_CONVERSION = YES;
				CLANG_WARN_OBJC_ROOT_CLASS = YES_ERROR;
				CLANG_WARN_UNREACHABLE_CODE = YES;
				CLANG_WARN__DUPLICATE_METHOD_MATCH = YES;
				"CODE_SIGN_IDENTITY[sdk=iphoneos*]" = "iPhone Developer";
				COPY_PHASE_STRIP = NO;
				DEBUG_INFORMATION_FORMAT = "dwarf-with-dsym";
				ENABLE_NS_ASSERTIONS = NO;
				ENABLE_STRICT_OBJC_MSGSEND = YES;
				GCC_C_LANGUAGE_STANDARD = gnu99;
				GCC_NO_COMMON_BLOCKS = YES;
				GCC_WARN_64_TO_32_BIT_CONVERSION = YES;
				GCC_WARN_ABOUT_RETURN_TYPE = YES_ERROR;
				GCC_WARN_UNDECLARED_SELECTOR = YES;
				GCC_WARN_UNINITIALIZED_AUTOS = YES_AGGRESSIVE;
				GCC_WARN_UNUSED_FUNCTION = YES;
				GCC_WARN_UNUSED_VARIABLE = YES;
				IPHONEOS_DEPLOYMENT_TARGET = 9.3;
				MTL_ENABLE_DEBUG_INFO = NO;
				SDKROOT = iphoneos;
				VALIDATE_PRODUCT = YES;
			};
			name = Release;
		};
		53FA070E1D68BADB0027F211 /* Debug */ = {
			isa = XCBuildConfiguration;
			buildSettings = {
				ASSETCATALOG_COMPILER_APPICON_NAME = AppIcon;
				INFOPLIST_FILE = XIBTest/Info.plist;
				LD_RUNPATH_SEARCH_PATHS = "$(inherited) @executable_path/Frameworks";
				PRODUCT_BUNDLE_IDENTIFIER = com.rytass.XIBTest;
				PRODUCT_NAME = "$(TARGET_NAME)";
			};
			name = Debug;
		};
		53FA070F1D68BADB0027F211 /* Release */ = {
			isa = XCBuildConfiguration;
			buildSettings = {
				ASSETCATALOG_COMPILER_APPICON_NAME = AppIcon;
				INFOPLIST_FILE = XIBTest/Info.plist;
				LD_RUNPATH_SEARCH_PATHS = "$(inherited) @executable_path/Frameworks";
				PRODUCT_BUNDLE_IDENTIFIER = com.rytass.XIBTest;
				PRODUCT_NAME = "$(TARGET_NAME)";
			};
			name = Release;
		};
/* End XCBuildConfiguration section */

/* Begin XCConfigurationList section */
		53FA06F61D68BADB0027F211 /* Build configuration list for PBXProject "XIBTest" */ = {
			isa = XCConfigurationList;
			buildConfigurations = (
				53FA070B1D68BADB0027F211 /* Debug */,
				53FA070C1D68BADB0027F211 /* Release */,
			);
			defaultConfigurationIsVisible = 0;
			defaultConfigurationName = Release;
		};
		53FA070D1D68BADB0027F211 /* Build configuration list for PBXNativeTarget "XIBTest" */ = {
			isa = XCConfigurationList;
			buildConfigurations = (
				53FA070E1D68BADB0027F211 /* Debug */,
				53FA070F1D68BADB0027F211 /* Release */,
			);
			defaultConfigurationIsVisible = 0;
		};
/* End XCConfigurationList section */
	};
	rootObject = 53FA06F31D68BADB0027F211 /* Project object */;
}
